// !$*UTF8*$!
{
	archiveVersion = 1;
	classes = {
	};
	objectVersion = 48;
	objects = {

/* Begin PBXBuildFile section */
		3A29AC671FC0EEA8003B4359 /* AppDelegate.swift in Sources */ = {isa = PBXBuildFile; fileRef = 3A29AC661FC0EEA8003B4359 /* AppDelegate.swift */; };
		3A29AC691FC0EEA8003B4359 /* ViewController.swift in Sources */ = {isa = PBXBuildFile; fileRef = 3A29AC681FC0EEA8003B4359 /* ViewController.swift */; };
		3A29AC6C1FC0EEA8003B4359 /* Main.storyboard in Resources */ = {isa = PBXBuildFile; fileRef = 3A29AC6A1FC0EEA8003B4359 /* Main.storyboard */; };
		3A29AC6F1FC0EEA8003B4359 /* Bitcoin_History.xcdatamodeld in Sources */ = {isa = PBXBuildFile; fileRef = 3A29AC6D1FC0EEA8003B4359 /* Bitcoin_History.xcdatamodeld */; };
		3A29AC711FC0EEA8003B4359 /* Assets.xcassets in Resources */ = {isa = PBXBuildFile; fileRef = 3A29AC701FC0EEA8003B4359 /* Assets.xcassets */; };
		3A29AC741FC0EEA8003B4359 /* LaunchScreen.storyboard in Resources */ = {isa = PBXBuildFile; fileRef = 3A29AC721FC0EEA8003B4359 /* LaunchScreen.storyboard */; };
		3A29AC7D1FC0F230003B4359 /* GradientView.swift in Sources */ = {isa = PBXBuildFile; fileRef = 3A29AC7C1FC0F230003B4359 /* GradientView.swift */; };
		3A29AC7F1FC0FB6F003B4359 /* RoundedCornersView.swift in Sources */ = {isa = PBXBuildFile; fileRef = 3A29AC7E1FC0FB6F003B4359 /* RoundedCornersView.swift */; };
/* End PBXBuildFile section */

/* Begin PBXFileReference section */
		3A29AC631FC0EEA8003B4359 /* Bitcoin History.app */ = {isa = PBXFileReference; explicitFileType = wrapper.application; includeInIndex = 0; path = "Bitcoin History.app"; sourceTree = BUILT_PRODUCTS_DIR; };
		3A29AC661FC0EEA8003B4359 /* AppDelegate.swift */ = {isa = PBXFileReference; lastKnownFileType = sourcecode.swift; path = AppDelegate.swift; sourceTree = "<group>"; };
		3A29AC681FC0EEA8003B4359 /* ViewController.swift */ = {isa = PBXFileReference; lastKnownFileType = sourcecode.swift; path = ViewController.swift; sourceTree = "<group>"; };
		3A29AC6B1FC0EEA8003B4359 /* Base */ = {isa = PBXFileReference; lastKnownFileType = file.storyboard; name = Base; path = Base.lproj/Main.storyboard; sourceTree = "<group>"; };
		3A29AC6E1FC0EEA8003B4359 /* Bitcoin_History.xcdatamodel */ = {isa = PBXFileReference; lastKnownFileType = wrapper.xcdatamodel; path = Bitcoin_History.xcdatamodel; sourceTree = "<group>"; };
		3A29AC701FC0EEA8003B4359 /* Assets.xcassets */ = {isa = PBXFileReference; lastKnownFileType = folder.assetcatalog; path = Assets.xcassets; sourceTree = "<group>"; };
		3A29AC731FC0EEA8003B4359 /* Base */ = {isa = PBXFileReference; lastKnownFileType = file.storyboard; name = Base; path = Base.lproj/LaunchScreen.storyboard; sourceTree = "<group>"; };
		3A29AC751FC0EEA8003B4359 /* Info.plist */ = {isa = PBXFileReference; lastKnownFileType = text.plist.xml; path = Info.plist; sourceTree = "<group>"; };
		3A29AC7C1FC0F230003B4359 /* GradientView.swift */ = {isa = PBXFileReference; lastKnownFileType = sourcecode.swift; path = GradientView.swift; sourceTree = "<group>"; };
		3A29AC7E1FC0FB6F003B4359 /* RoundedCornersView.swift */ = {isa = PBXFileReference; lastKnownFileType = sourcecode.swift; path = RoundedCornersView.swift; sourceTree = "<group>"; };
/* End PBXFileReference section */

/* Begin PBXFrameworksBuildPhase section */
		3A29AC601FC0EEA8003B4359 /* Frameworks */ = {
			isa = PBXFrameworksBuildPhase;
			buildActionMask = 2147483647;
			files = (
			);
			runOnlyForDeploymentPostprocessing = 0;
		};
/* End PBXFrameworksBuildPhase section */

/* Begin PBXGroup section */
		3A29AC5A1FC0EEA8003B4359 = {
			isa = PBXGroup;
			children = (
				3A29AC651FC0EEA8003B4359 /* Bitcoin History */,
				3A29AC641FC0EEA8003B4359 /* Products */,
			);
			sourceTree = "<group>";
		};
		3A29AC641FC0EEA8003B4359 /* Products */ = {
			isa = PBXGroup;
			children = (
				3A29AC631FC0EEA8003B4359 /* Bitcoin History.app */,
			);
			name = Products;
			sourceTree = "<group>";
		};
		3A29AC651FC0EEA8003B4359 /* Bitcoin History */ = {
			isa = PBXGroup;
			children = (
				3A29AC7B1FC0F1ED003B4359 /* Views */,
				3A29AC661FC0EEA8003B4359 /* AppDelegate.swift */,
				3A29AC681FC0EEA8003B4359 /* ViewController.swift */,
				3A29AC6A1FC0EEA8003B4359 /* Main.storyboard */,
				3A29AC701FC0EEA8003B4359 /* Assets.xcassets */,
				3A29AC721FC0EEA8003B4359 /* LaunchScreen.storyboard */,
				3A29AC751FC0EEA8003B4359 /* Info.plist */,
				3A29AC6D1FC0EEA8003B4359 /* Bitcoin_History.xcdatamodeld */,
			);
			path = "Bitcoin History";
			sourceTree = "<group>";
		};
		3A29AC7B1FC0F1ED003B4359 /* Views */ = {
			isa = PBXGroup;
			children = (
				3A29AC7C1FC0F230003B4359 /* GradientView.swift */,
				3A29AC7E1FC0FB6F003B4359 /* RoundedCornersView.swift */,
			);
			path = Views;
			sourceTree = "<group>";
		};
/* End PBXGroup section */

/* Begin PBXNativeTarget section */
		3A29AC621FC0EEA8003B4359 /* Bitcoin History */ = {
			isa = PBXNativeTarget;
			buildConfigurationList = 3A29AC781FC0EEA8003B4359 /* Build configuration list for PBXNativeTarget "Bitcoin History" */;
			buildPhases = (
				3A29AC5F1FC0EEA8003B4359 /* Sources */,
				3A29AC601FC0EEA8003B4359 /* Frameworks */,
				3A29AC611FC0EEA8003B4359 /* Resources */,
			);
			buildRules = (
			);
			dependencies = (
			);
			name = "Bitcoin History";
			productName = "Bitcoin History";
			productReference = 3A29AC631FC0EEA8003B4359 /* Bitcoin History.app */;
			productType = "com.apple.product-type.application";
		};
/* End PBXNativeTarget section */

/* Begin PBXProject section */
		3A29AC5B1FC0EEA8003B4359 /* Project object */ = {
			isa = PBXProject;
			attributes = {
				LastSwiftUpdateCheck = 0910;
				LastUpgradeCheck = 0910;
				ORGANIZATIONNAME = "Adrian Horstmann";
				TargetAttributes = {
					3A29AC621FC0EEA8003B4359 = {
						CreatedOnToolsVersion = 9.1;
						ProvisioningStyle = Automatic;
					};
				};
			};
			buildConfigurationList = 3A29AC5E1FC0EEA8003B4359 /* Build configuration list for PBXProject "Bitcoin History" */;
			compatibilityVersion = "Xcode 8.0";
			developmentRegion = en;
			hasScannedForEncodings = 0;
			knownRegions = (
				en,
				Base,
			);
			mainGroup = 3A29AC5A1FC0EEA8003B4359;
			productRefGroup = 3A29AC641FC0EEA8003B4359 /* Products */;
			projectDirPath = "";
			projectRoot = "";
			targets = (
				3A29AC621FC0EEA8003B4359 /* Bitcoin History */,
			);
		};
/* End PBXProject section */

/* Begin PBXResourcesBuildPhase section */
		3A29AC611FC0EEA8003B4359 /* Resources */ = {
			isa = PBXResourcesBuildPhase;
			buildActionMask = 2147483647;
			files = (
				3A29AC741FC0EEA8003B4359 /* LaunchScreen.storyboard in Resources */,
				3A29AC711FC0EEA8003B4359 /* Assets.xcassets in Resources */,
				3A29AC6C1FC0EEA8003B4359 /* Main.storyboard in Resources */,
			);
			runOnlyForDeploymentPostprocessing = 0;
		};
/* End PBXResourcesBuildPhase section */

/* Begin PBXSourcesBuildPhase section */
		3A29AC5F1FC0EEA8003B4359 /* Sources */ = {
			isa = PBXSourcesBuildPhase;
			buildActionMask = 2147483647;
			files = (
				3A29AC6F1FC0EEA8003B4359 /* Bitcoin_History.xcdatamodeld in Sources */,
				3A29AC691FC0EEA8003B4359 /* ViewController.swift in Sources */,
				3A29AC7D1FC0F230003B4359 /* GradientView.swift in Sources */,
				3A29AC7F1FC0FB6F003B4359 /* RoundedCornersView.swift in Sources */,
				3A29AC671FC0EEA8003B4359 /* AppDelegate.swift in Sources */,
			);
			runOnlyForDeploymentPostprocessing = 0;
		};
/* End PBXSourcesBuildPhase section */

/* Begin PBXVariantGroup section */
		3A29AC6A1FC0EEA8003B4359 /* Main.storyboard */ = {
			isa = PBXVariantGroup;
			children = (
				3A29AC6B1FC0EEA8003B4359 /* Base */,
			);
			name = Main.storyboard;
			sourceTree = "<group>";
		};
		3A29AC721FC0EEA8003B4359 /* LaunchScreen.storyboard */ = {
			isa = PBXVariantGroup;
			children = (
				3A29AC731FC0EEA8003B4359 /* Base */,
			);
			name = LaunchScreen.storyboard;
			sourceTree = "<group>";
		};
/* End PBXVariantGroup section */

/* Begin XCBuildConfiguration section */
		3A29AC761FC0EEA8003B4359 /* Debug */ = {
			isa = XCBuildConfiguration;
			buildSettings = {
				ALWAYS_SEARCH_USER_PATHS = NO;
				CLANG_ANALYZER_NONNULL = YES;
				CLANG_ANALYZER_NUMBER_OBJECT_CONVERSION = YES_AGGRESSIVE;
				CLANG_CXX_LANGUAGE_STANDARD = "gnu++14";
				CLANG_CXX_LIBRARY = "libc++";
				CLANG_ENABLE_MODULES = YES;
				CLANG_ENABLE_OBJC_ARC = YES;
				CLANG_WARN_BLOCK_CAPTURE_AUTORELEASING = YES;
				CLANG_WARN_BOOL_CONVERSION = YES;
				CLANG_WARN_COMMA = YES;
				CLANG_WARN_CONSTANT_CONVERSION = YES;
				CLANG_WARN_DIRECT_OBJC_ISA_USAGE = YES_ERROR;
				CLANG_WARN_DOCUMENTATION_COMMENTS = YES;
				CLANG_WARN_EMPTY_BODY = YES;
				CLANG_WARN_ENUM_CONVERSION = YES;
				CLANG_WARN_INFINITE_RECURSION = YES;
				CLANG_WARN_INT_CONVERSION = YES;
				CLANG_WARN_NON_LITERAL_NULL_CONVERSION = YES;
				CLANG_WARN_OBJC_LITERAL_CONVERSION = YES;
				CLANG_WARN_OBJC_ROOT_CLASS = YES_ERROR;
				CLANG_WARN_RANGE_LOOP_ANALYSIS = YES;
				CLANG_WARN_STRICT_PROTOTYPES = YES;
				CLANG_WARN_SUSPICIOUS_MOVE = YES;
				CLANG_WARN_UNGUARDED_AVAILABILITY = YES_AGGRESSIVE;
				CLANG_WARN_UNREACHABLE_CODE = YES;
				CLANG_WARN__DUPLICATE_METHOD_MATCH = YES;
				CODE_SIGN_IDENTITY = "iPhone Developer";
				COPY_PHASE_STRIP = NO;
				DEBUG_INFORMATION_FORMAT = dwarf;
				ENABLE_STRICT_OBJC_MSGSEND = YES;
				ENABLE_TESTABILITY = YES;
				GCC_C_LANGUAGE_STANDARD = gnu11;
				GCC_DYNAMIC_NO_PIC = NO;
				GCC_NO_COMMON_BLOCKS = YES;
				GCC_OPTIMIZATION_LEVEL = 0;
				GCC_PREPROCESSOR_DEFINITIONS = (
					"DEBUG=1",
					"$(inherited)",
				);
				GCC_WARN_64_TO_32_BIT_CONVERSION = YES;
				GCC_WARN_ABOUT_RETURN_TYPE = YES_ERROR;
				GCC_WARN_UNDECLARED_SELECTOR = YES;
				GCC_WARN_UNINITIALIZED_AUTOS = YES_AGGRESSIVE;
				GCC_WARN_UNUSED_FUNCTION = YES;
				GCC_WARN_UNUSED_VARIABLE = YES;
				IPHONEOS_DEPLOYMENT_TARGET = 11.1;
				MTL_ENABLE_DEBUG_INFO = YES;
				ONLY_ACTIVE_ARCH = YES;
				SDKROOT = iphoneos;
				SWIFT_ACTIVE_COMPILATION_CONDITIONS = DEBUG;
				SWIFT_OPTIMIZATION_LEVEL = "-Onone";
			};
			name = Debug;
		};
		3A29AC771FC0EEA8003B4359 /* Release */ = {
			isa = XCBuildConfiguration;
			buildSettings = {
				ALWAYS_SEARCH_USER_PATHS = NO;
				CLANG_ANALYZER_NONNULL = YES;
				CLANG_ANALYZER_NUMBER_OBJECT_CONVERSION = YES_AGGRESSIVE;
				CLANG_CXX_LANGUAGE_STANDARD = "gnu++14";
				CLANG_CXX_LIBRARY = "libc++";
				CLANG_ENABLE_MODULES = YES;
				CLANG_ENABLE_OBJC_ARC = YES;
				CLANG_WARN_BLOCK_CAPTURE_AUTORELEASING = YES;
				CLANG_WARN_BOOL_CONVERSION = YES;
				CLANG_WARN_COMMA = YES;
				CLANG_WARN_CONSTANT_CONVERSION = YES;
				CLANG_WARN_DIRECT_OBJC_ISA_USAGE = YES_ERROR;
				CLANG_WARN_DOCUMENTATION_COMMENTS = YES;
				CLANG_WARN_EMPTY_BODY = YES;
				CLANG_WARN_ENUM_CONVERSION = YES;
				CLANG_WARN_INFINITE_RECURSION = YES;
				CLANG_WARN_INT_CONVERSION = YES;
				CLANG_WARN_NON_LITERAL_NULL_CONVERSION = YES;
				CLANG_WARN_OBJC_LITERAL_CONVERSION = YES;
				CLANG_WARN_OBJC_ROOT_CLASS = YES_ERROR;
				CLANG_WARN_RANGE_LOOP_ANALYSIS = YES;
				CLANG_WARN_STRICT_PROTOTYPES = YES;
				CLANG_WARN_SUSPICIOUS_MOVE = YES;
				CLANG_WARN_UNGUARDED_AVAILABILITY = YES_AGGRESSIVE;
				CLANG_WARN_UNREACHABLE_CODE = YES;
				CLANG_WARN__DUPLICATE_METHOD_MATCH = YES;
				CODE_SIGN_IDENTITY = "iPhone Developer";
				COPY_PHASE_STRIP = NO;
				DEBUG_INFORMATION_FORMAT = "dwarf-with-dsym";
				ENABLE_NS_ASSERTIONS = NO;
				ENABLE_STRICT_OBJC_MSGSEND = YES;
				GCC_C_LANGUAGE_STANDARD = gnu11;
				GCC_NO_COMMON_BLOCKS = YES;
				GCC_WARN_64_TO_32_BIT_CONVERSION = YES;
				GCC_WARN_ABOUT_RETURN_TYPE = YES_ERROR;
				GCC_WARN_UNDECLARED_SELECTOR = YES;
				GCC_WARN_UNINITIALIZED_AUTOS = YES_AGGRESSIVE;
				GCC_WARN_UNUSED_FUNCTION = YES;
				GCC_WARN_UNUSED_VARIABLE = YES;
				IPHONEOS_DEPLOYMENT_TARGET = 11.1;
				MTL_ENABLE_DEBUG_INFO = NO;
				SDKROOT = iphoneos;
				SWIFT_OPTIMIZATION_LEVEL = "-Owholemodule";
				VALIDATE_PRODUCT = YES;
			};
			name = Release;
		};
		3A29AC791FC0EEA8003B4359 /* Debug */ = {
			isa = XCBuildConfiguration;
			buildSettings = {
				ASSETCATALOG_COMPILER_APPICON_NAME = AppIcon;
				CODE_SIGN_STYLE = Automatic;
				DEVELOPMENT_TEAM = TESDDF678B;
				INFOPLIST_FILE = "Bitcoin History/Info.plist";
				LD_RUNPATH_SEARCH_PATHS = "$(inherited) @executable_path/Frameworks";
				PRODUCT_BUNDLE_IDENTIFIER = "de.horstmann.Bitcoin-History";
				PRODUCT_NAME = "$(TARGET_NAME)";
				SWIFT_VERSION = 4.0;
				TARGETED_DEVICE_FAMILY = "1,2";
			};
			name = Debug;
		};
		3A29AC7A1FC0EEA8003B4359 /* Release */ = {
			isa = XCBuildConfiguration;
			buildSettings = {
				ASSETCATALOG_COMPILER_APPICON_NAME = AppIcon;
				CODE_SIGN_STYLE = Automatic;
				DEVELOPMENT_TEAM = TESDDF678B;
				INFOPLIST_FILE = "Bitcoin History/Info.plist";
				LD_RUNPATH_SEARCH_PATHS = "$(inherited) @executable_path/Frameworks";
				PRODUCT_BUNDLE_IDENTIFIER = "de.horstmann.Bitcoin-History";
				PRODUCT_NAME = "$(TARGET_NAME)";
				SWIFT_VERSION = 4.0;
				TARGETED_DEVICE_FAMILY = "1,2";
			};
			name = Release;
		};
/* End XCBuildConfiguration section */

/* Begin XCConfigurationList section */
		3A29AC5E1FC0EEA8003B4359 /* Build configuration list for PBXProject "Bitcoin History" */ = {
			isa = XCConfigurationList;
			buildConfigurations = (
				3A29AC761FC0EEA8003B4359 /* Debug */,
				3A29AC771FC0EEA8003B4359 /* Release */,
			);
			defaultConfigurationIsVisible = 0;
			defaultConfigurationName = Release;
		};
		3A29AC781FC0EEA8003B4359 /* Build configuration list for PBXNativeTarget "Bitcoin History" */ = {
			isa = XCConfigurationList;
			buildConfigurations = (
				3A29AC791FC0EEA8003B4359 /* Debug */,
				3A29AC7A1FC0EEA8003B4359 /* Release */,
			);
			defaultConfigurationIsVisible = 0;
			defaultConfigurationName = Release;
		};
/* End XCConfigurationList section */

/* Begin XCVersionGroup section */
		3A29AC6D1FC0EEA8003B4359 /* Bitcoin_History.xcdatamodeld */ = {
			isa = XCVersionGroup;
			children = (
				3A29AC6E1FC0EEA8003B4359 /* Bitcoin_History.xcdatamodel */,
			);
			currentVersion = 3A29AC6E1FC0EEA8003B4359 /* Bitcoin_History.xcdatamodel */;
			path = Bitcoin_History.xcdatamodeld;
			sourceTree = "<group>";
			versionGroupType = wrapper.xcdatamodel;
		};
/* End XCVersionGroup section */
	};
	rootObject = 3A29AC5B1FC0EEA8003B4359 /* Project object */;
}
